
Microsoft Visual Studio Solution File, Format Version 10.00
# Visual Studio 2008
Project("{D183A3D8-5FD8-494B-B014-37F57B35E655}") = "EatNGoPos", "EatNGoPos\EatNGoPos.dtproj", "{9091D17D-C588-4AEC-BF66-A27AA830F34A}"
EndProject
Global
	GlobalSection(SolutionConfigurationPlatforms) = preSolution
		Development|Default = Development|Default
	EndGlobalSection
	GlobalSection(ProjectConfigurationPlatforms) = postSolution
		{9091D17D-C588-4AEC-BF66-A27AA830F34A}.Development|Default.ActiveCfg = Development
		{9091D17D-C588-4AEC-BF66-A27AA830F34A}.Development|Default.Build.0 = Development
	EndGlobalSection
	GlobalSection(SolutionProperties) = preSolution
		HideSolutionNode = FALSE
	EndGlobalSection
EndGlobal
